{
  "name": "octicons-catalog",
  "version": "1.0.0",
  "lockfileVersion": 1,
  "requires": true,
  "dependencies": {
    "@primer/octicons": {
      "version": "9.2.0",
      "resolved": "https://registry.npmjs.org/@primer/octicons/-/octicons-9.2.0.tgz",
      "integrity": "sha512-3vv7bBqVUHhU7ChpmQhmzz3WmHEKKSk9z/xEK5KnU8Egh96RoqKIim07geRj825ISa+IWj9cPdOA1ShqW5k3Yw==",
      "requires": {
        "object-assign": "^4.1.1"
      }
    },
    "object-assign": {
      "version": "4.1.1",
      "resolved": "https://registry.npmjs.org/object-assign/-/object-assign-4.1.1.tgz",
      "integrity": "sha1-IQmtx5ZYh8/AXLvUQsrIv7s2CGM="
    },
    "typed-octicons": {
      "version": "9.2.1",
      "resolved": "https://registry.npmjs.org/typed-octicons/-/typed-octicons-9.2.1.tgz",
      "integrity": "sha512-ZcEFu11hFuC0j/E61i711A0u8crDhT7naO/i4YxnFO86eX9yudX1S4CQonBg2JRge1crDUXWKsR2jjwEE+3ERA==",
      "requires": {
        "@primer/octicons": "^9.2.0"
      }
    }
  }
}
